
Microsoft Visual Studio Solution File, Format Version 12.00
# Visual Studio 15
VisualStudioVersion = 15.0.26124.0
MinimumVisualStudioVersion = 15.0.26124.0
Project("{2150E333-8FDC-42A3-9474-1A3956D46DE8}") = "Source", "src", "{2B966B97-1AB3-4AE5-9266-22E82C639F8E}"
EndProject
Project("{2150E333-8FDC-42A3-9474-1A3956D46DE8}") = "Abstractions", "Abstractions", "{3A1B7E61-0087-455E-B96C-D703ADD79D62}"
EndProject
Project("{FAE04EC0-301F-11D3-BF4B-00C04F79EFBC}") = "AlgorithmCenter.StructuresAlgorithm.Core.Abstractions", "src\StructuresAlgorithm\Core\Abstractions\Source\AlgorithmCenter.StructuresAlgorithm.Core.Abstractions.csproj", "{B6A1A80A-8AE6-43B1-8A47-D121149C9430}"
EndProject
Project("{2150E333-8FDC-42A3-9474-1A3956D46DE8}") = "Tests", "Tests", "{6ED92F31-DD2D-4BE4-A7F9-BC50201DCA96}"
EndProject
Project("{FAE04EC0-301F-11D3-BF4B-00C04F79EFBC}") = "AlgorithmCenter.StructuresAlgorithm.Core.Abstractions.UnitTest", "src\StructuresAlgorithm\Core\Abstractions\Tests\UnitTest\Source\AlgorithmCenter.StructuresAlgorithm.Core.Abstractions.UnitTest.csproj", "{2384C18B-DF37-4900-8C5E-58F89416507E}"
EndProject
Global
	GlobalSection(SolutionConfigurationPlatforms) = preSolution
		Debug|Any CPU = Debug|Any CPU
		Debug|x64 = Debug|x64
		Debug|x86 = Debug|x86
		Release|Any CPU = Release|Any CPU
		Release|x64 = Release|x64
		Release|x86 = Release|x86
	EndGlobalSection
	GlobalSection(SolutionProperties) = preSolution
		HideSolutionNode = FALSE
	EndGlobalSection
	GlobalSection(ProjectConfigurationPlatforms) = postSolution
		{B6A1A80A-8AE6-43B1-8A47-D121149C9430}.Debug|Any CPU.ActiveCfg = Debug|Any CPU
		{B6A1A80A-8AE6-43B1-8A47-D121149C9430}.Debug|Any CPU.Build.0 = Debug|Any CPU
		{B6A1A80A-8AE6-43B1-8A47-D121149C9430}.Debug|x64.ActiveCfg = Debug|Any CPU
		{B6A1A80A-8AE6-43B1-8A47-D121149C9430}.Debug|x64.Build.0 = Debug|Any CPU
		{B6A1A80A-8AE6-43B1-8A47-D121149C9430}.Debug|x86.ActiveCfg = Debug|Any CPU
		{B6A1A80A-8AE6-43B1-8A47-D121149C9430}.Debug|x86.Build.0 = Debug|Any CPU
		{B6A1A80A-8AE6-43B1-8A47-D121149C9430}.Release|Any CPU.ActiveCfg = Release|Any CPU
		{B6A1A80A-8AE6-43B1-8A47-D121149C9430}.Release|Any CPU.Build.0 = Release|Any CPU
		{B6A1A80A-8AE6-43B1-8A47-D121149C9430}.Release|x64.ActiveCfg = Release|Any CPU
		{B6A1A80A-8AE6-43B1-8A47-D121149C9430}.Release|x64.Build.0 = Release|Any CPU
		{B6A1A80A-8AE6-43B1-8A47-D121149C9430}.Release|x86.ActiveCfg = Release|Any CPU
		{B6A1A80A-8AE6-43B1-8A47-D121149C9430}.Release|x86.Build.0 = Release|Any CPU
		{2384C18B-DF37-4900-8C5E-58F89416507E}.Debug|Any CPU.ActiveCfg = Debug|Any CPU
		{2384C18B-DF37-4900-8C5E-58F89416507E}.Debug|Any CPU.Build.0 = Debug|Any CPU
		{2384C18B-DF37-4900-8C5E-58F89416507E}.Debug|x64.ActiveCfg = Debug|Any CPU
		{2384C18B-DF37-4900-8C5E-58F89416507E}.Debug|x64.Build.0 = Debug|Any CPU
		{2384C18B-DF37-4900-8C5E-58F89416507E}.Debug|x86.ActiveCfg = Debug|Any CPU
		{2384C18B-DF37-4900-8C5E-58F89416507E}.Debug|x86.Build.0 = Debug|Any CPU
		{2384C18B-DF37-4900-8C5E-58F89416507E}.Release|Any CPU.ActiveCfg = Release|Any CPU
		{2384C18B-DF37-4900-8C5E-58F89416507E}.Release|Any CPU.Build.0 = Release|Any CPU
		{2384C18B-DF37-4900-8C5E-58F89416507E}.Release|x64.ActiveCfg = Release|Any CPU
		{2384C18B-DF37-4900-8C5E-58F89416507E}.Release|x64.Build.0 = Release|Any CPU
		{2384C18B-DF37-4900-8C5E-58F89416507E}.Release|x86.ActiveCfg = Release|Any CPU
		{2384C18B-DF37-4900-8C5E-58F89416507E}.Release|x86.Build.0 = Release|Any CPU
	EndGlobalSection
	GlobalSection(NestedProjects) = preSolution
		{3A1B7E61-0087-455E-B96C-D703ADD79D62} = {2B966B97-1AB3-4AE5-9266-22E82C639F8E}
		{B6A1A80A-8AE6-43B1-8A47-D121149C9430} = {3A1B7E61-0087-455E-B96C-D703ADD79D62}
		{6ED92F31-DD2D-4BE4-A7F9-BC50201DCA96} = {3A1B7E61-0087-455E-B96C-D703ADD79D62}
		{2384C18B-DF37-4900-8C5E-58F89416507E} = {6ED92F31-DD2D-4BE4-A7F9-BC50201DCA96}
	EndGlobalSection
EndGlobal
